github.com/a-h/templ v0.3.819 h1:KDJ5jTFN15FyJnmSmo2gNirIqt7hfvBD2VXVDTySckM=
github.com/a-h/templ v0.3.819/go.mod h1:iDJKJktpttVKdWoTkRNNLcllRI+BlpopJc+8au3gOUo=
github.com/google/go-cmp v0.6.0 h1:ofyhxvXcZhMsU5ulbFiLKl/XBFqE1GSq7atu8tAmTRI=
github.com/google/go-cmp v0.6.0/go.mod h1:17dUlkBOakJ0+DkrSSNjCkIjxS6bF9zb3elmeNGIjoY=
